
Microsoft Visual Studio Solution File, Format Version 12.00
# Visual Studio Version 16
VisualStudioVersion = 16.0.33927.289
MinimumVisualStudioVersion = 10.0.40219.1
Project("{FAE04EC0-301F-11D3-BF4B-00C04F79EFBC}") = "Presentación", "Presentación\Presentación.csproj", "{09AD7B62-171C-4D25-8DF7-7BC30CF346FC}"
EndProject
Project("{FAE04EC0-301F-11D3-BF4B-00C04F79EFBC}") = "dominio", "dominio\dominio.csproj", "{F37C1E08-C7E4-4553-8945-8B838B27A66B}"
EndProject
Project("{FAE04EC0-301F-11D3-BF4B-00C04F79EFBC}") = "negocio", "negocio\negocio.csproj", "{492ACD34-18E2-4BCE-A6CB-D168567EEAE0}"
EndProject
Global
	GlobalSection(SolutionConfigurationPlatforms) = preSolution
		Debug|Any CPU = Debug|Any CPU
		Release|Any CPU = Release|Any CPU
	EndGlobalSection
	GlobalSection(ProjectConfigurationPlatforms) = postSolution
		{09AD7B62-171C-4D25-8DF7-7BC30CF346FC}.Debug|Any CPU.ActiveCfg = Debug|Any CPU
		{09AD7B62-171C-4D25-8DF7-7BC30CF346FC}.Debug|Any CPU.Build.0 = Debug|Any CPU
		{09AD7B62-171C-4D25-8DF7-7BC30CF346FC}.Release|Any CPU.ActiveCfg = Release|Any CPU
		{09AD7B62-171C-4D25-8DF7-7BC30CF346FC}.Release|Any CPU.Build.0 = Release|Any CPU
		{F37C1E08-C7E4-4553-8945-8B838B27A66B}.Debug|Any CPU.ActiveCfg = Debug|Any CPU
		{F37C1E08-C7E4-4553-8945-8B838B27A66B}.Debug|Any CPU.Build.0 = Debug|Any CPU
		{F37C1E08-C7E4-4553-8945-8B838B27A66B}.Release|Any CPU.ActiveCfg = Release|Any CPU
		{F37C1E08-C7E4-4553-8945-8B838B27A66B}.Release|Any CPU.Build.0 = Release|Any CPU
		{492ACD34-18E2-4BCE-A6CB-D168567EEAE0}.Debug|Any CPU.ActiveCfg = Debug|Any CPU
		{492ACD34-18E2-4BCE-A6CB-D168567EEAE0}.Debug|Any CPU.Build.0 = Debug|Any CPU
		{492ACD34-18E2-4BCE-A6CB-D168567EEAE0}.Release|Any CPU.ActiveCfg = Release|Any CPU
		{492ACD34-18E2-4BCE-A6CB-D168567EEAE0}.Release|Any CPU.Build.0 = Release|Any CPU
	EndGlobalSection
	GlobalSection(SolutionProperties) = preSolution
		HideSolutionNode = FALSE
	EndGlobalSection
	GlobalSection(ExtensibilityGlobals) = postSolution
		SolutionGuid = {0C5617ED-928B-43F0-A2CA-DA369B3785BF}
	EndGlobalSection
EndGlobal
